
Microsoft Visual Studio Solution File, Format Version 12.00
Project("{2150E333-8FDC-42A3-9474-1A3956D46DE8}") = "TaskManagementProject", "TaskManagementProject", "{3FDC1CB6-F026-4D40-A8A3-A3AE853D6C5B}"
EndProject
Project("{2150E333-8FDC-42A3-9474-1A3956D46DE8}") = "Tasks_Module", "Tasks_Module", "{B8D4F7B1-5BFD-4520-96B2-F53DC6CCB9E4}"
EndProject
Project("{FAE04EC0-301F-11D3-BF4B-00C04F79EFBC}") = "TaskManagement.Tasks.Contracts", "TaskManagement.Tasks.Contracts\TaskManagement.Tasks.Contracts.csproj", "{43964DBE-6375-4A8B-8B69-F3F4B3EA6DB6}"
EndProject
Project("{FAE04EC0-301F-11D3-BF4B-00C04F79EFBC}") = "TaskManagement.Tasks", "TaskManagement.Tasks\TaskManagement.Tasks.csproj", "{71E2DBC1-BE79-43D5-A1D4-9EE22B6DA7FC}"
EndProject
Project("{FAE04EC0-301F-11D3-BF4B-00C04F79EFBC}") = "TaskManagement.Tasks.Api", "TaskManagement.Tasks.Api\TaskManagement.Tasks.Api.csproj", "{688C4FB3-27B7-40CD-85A3-B42DE6424201}"
EndProject
Project("{FAE04EC0-301F-11D3-BF4B-00C04F79EFBC}") = "TaskManagement.Tasks.Infrastructure", "TaskManagement.Tasks.Infrastructure\TaskManagement.Tasks.Infrastructure.csproj", "{3AB1A642-44E2-48BE-8E11-EE30F79675E9}"
EndProject
Project("{2150E333-8FDC-42A3-9474-1A3956D46DE8}") = "Users_Module", "Users_Module", "{021C9C1E-7C99-46C3-8FAF-D8094422520C}"
EndProject
Project("{FAE04EC0-301F-11D3-BF4B-00C04F79EFBC}") = "TaskManagement.Common", "TaskManagement.Common\TaskManagement.Common.csproj", "{D5FB8443-67FC-48DB-8C79-545A303F1A5B}"
EndProject
Project("{FAE04EC0-301F-11D3-BF4B-00C04F79EFBC}") = "TaskManagement.Users", "TaskManagement.Users\TaskManagement.Users.csproj", "{A9C68BA8-1316-4381-AB4A-409A95E2AADE}"
EndProject
Project("{FAE04EC0-301F-11D3-BF4B-00C04F79EFBC}") = "TaskManagement.Users.Contracts", "TaskManagement.Users.Contracts\TaskManagement.Users.Contracts.csproj", "{051AC52B-B0FD-4DA7-B2A9-C4D6BFF1D284}"
EndProject
Project("{FAE04EC0-301F-11D3-BF4B-00C04F79EFBC}") = "TaskManagement.Users.Infrastructure", "TaskManagement.Users.Infrastructure\TaskManagement.Users.Infrastructure.csproj", "{30CDBB2C-286D-4514-96C5-A5DF2251A008}"
EndProject
Project("{FAE04EC0-301F-11D3-BF4B-00C04F79EFBC}") = "TaskManagement.Users.Api", "TaskManagement.Users.Api\TaskManagement.Users.Api.csproj", "{FCF4C777-8452-4856-8BCE-82A8A3D7E2D3}"
EndProject
Global
	GlobalSection(SolutionConfigurationPlatforms) = preSolution
		Debug|Any CPU = Debug|Any CPU
		Release|Any CPU = Release|Any CPU
	EndGlobalSection
	GlobalSection(ProjectConfigurationPlatforms) = postSolution
		{43964DBE-6375-4A8B-8B69-F3F4B3EA6DB6}.Debug|Any CPU.ActiveCfg = Debug|Any CPU
		{43964DBE-6375-4A8B-8B69-F3F4B3EA6DB6}.Debug|Any CPU.Build.0 = Debug|Any CPU
		{43964DBE-6375-4A8B-8B69-F3F4B3EA6DB6}.Release|Any CPU.ActiveCfg = Release|Any CPU
		{43964DBE-6375-4A8B-8B69-F3F4B3EA6DB6}.Release|Any CPU.Build.0 = Release|Any CPU
		{71E2DBC1-BE79-43D5-A1D4-9EE22B6DA7FC}.Debug|Any CPU.ActiveCfg = Debug|Any CPU
		{71E2DBC1-BE79-43D5-A1D4-9EE22B6DA7FC}.Debug|Any CPU.Build.0 = Debug|Any CPU
		{71E2DBC1-BE79-43D5-A1D4-9EE22B6DA7FC}.Release|Any CPU.ActiveCfg = Release|Any CPU
		{71E2DBC1-BE79-43D5-A1D4-9EE22B6DA7FC}.Release|Any CPU.Build.0 = Release|Any CPU
		{688C4FB3-27B7-40CD-85A3-B42DE6424201}.Debug|Any CPU.ActiveCfg = Debug|Any CPU
		{688C4FB3-27B7-40CD-85A3-B42DE6424201}.Debug|Any CPU.Build.0 = Debug|Any CPU
		{688C4FB3-27B7-40CD-85A3-B42DE6424201}.Release|Any CPU.ActiveCfg = Release|Any CPU
		{688C4FB3-27B7-40CD-85A3-B42DE6424201}.Release|Any CPU.Build.0 = Release|Any CPU
		{3AB1A642-44E2-48BE-8E11-EE30F79675E9}.Debug|Any CPU.ActiveCfg = Debug|Any CPU
		{3AB1A642-44E2-48BE-8E11-EE30F79675E9}.Debug|Any CPU.Build.0 = Debug|Any CPU
		{3AB1A642-44E2-48BE-8E11-EE30F79675E9}.Release|Any CPU.ActiveCfg = Release|Any CPU
		{3AB1A642-44E2-48BE-8E11-EE30F79675E9}.Release|Any CPU.Build.0 = Release|Any CPU
		{D5FB8443-67FC-48DB-8C79-545A303F1A5B}.Debug|Any CPU.ActiveCfg = Debug|Any CPU
		{D5FB8443-67FC-48DB-8C79-545A303F1A5B}.Debug|Any CPU.Build.0 = Debug|Any CPU
		{D5FB8443-67FC-48DB-8C79-545A303F1A5B}.Release|Any CPU.ActiveCfg = Release|Any CPU
		{D5FB8443-67FC-48DB-8C79-545A303F1A5B}.Release|Any CPU.Build.0 = Release|Any CPU
		{A9C68BA8-1316-4381-AB4A-409A95E2AADE}.Debug|Any CPU.ActiveCfg = Debug|Any CPU
		{A9C68BA8-1316-4381-AB4A-409A95E2AADE}.Debug|Any CPU.Build.0 = Debug|Any CPU
		{A9C68BA8-1316-4381-AB4A-409A95E2AADE}.Release|Any CPU.ActiveCfg = Release|Any CPU
		{A9C68BA8-1316-4381-AB4A-409A95E2AADE}.Release|Any CPU.Build.0 = Release|Any CPU
		{051AC52B-B0FD-4DA7-B2A9-C4D6BFF1D284}.Debug|Any CPU.ActiveCfg = Debug|Any CPU
		{051AC52B-B0FD-4DA7-B2A9-C4D6BFF1D284}.Debug|Any CPU.Build.0 = Debug|Any CPU
		{051AC52B-B0FD-4DA7-B2A9-C4D6BFF1D284}.Release|Any CPU.ActiveCfg = Release|Any CPU
		{051AC52B-B0FD-4DA7-B2A9-C4D6BFF1D284}.Release|Any CPU.Build.0 = Release|Any CPU
		{30CDBB2C-286D-4514-96C5-A5DF2251A008}.Debug|Any CPU.ActiveCfg = Debug|Any CPU
		{30CDBB2C-286D-4514-96C5-A5DF2251A008}.Debug|Any CPU.Build.0 = Debug|Any CPU
		{30CDBB2C-286D-4514-96C5-A5DF2251A008}.Release|Any CPU.ActiveCfg = Release|Any CPU
		{30CDBB2C-286D-4514-96C5-A5DF2251A008}.Release|Any CPU.Build.0 = Release|Any CPU
		{FCF4C777-8452-4856-8BCE-82A8A3D7E2D3}.Debug|Any CPU.ActiveCfg = Debug|Any CPU
		{FCF4C777-8452-4856-8BCE-82A8A3D7E2D3}.Debug|Any CPU.Build.0 = Debug|Any CPU
		{FCF4C777-8452-4856-8BCE-82A8A3D7E2D3}.Release|Any CPU.ActiveCfg = Release|Any CPU
		{FCF4C777-8452-4856-8BCE-82A8A3D7E2D3}.Release|Any CPU.Build.0 = Release|Any CPU
	EndGlobalSection
	GlobalSection(NestedProjects) = preSolution
		{B8D4F7B1-5BFD-4520-96B2-F53DC6CCB9E4} = {3FDC1CB6-F026-4D40-A8A3-A3AE853D6C5B}
		{43964DBE-6375-4A8B-8B69-F3F4B3EA6DB6} = {B8D4F7B1-5BFD-4520-96B2-F53DC6CCB9E4}
		{71E2DBC1-BE79-43D5-A1D4-9EE22B6DA7FC} = {B8D4F7B1-5BFD-4520-96B2-F53DC6CCB9E4}
		{688C4FB3-27B7-40CD-85A3-B42DE6424201} = {B8D4F7B1-5BFD-4520-96B2-F53DC6CCB9E4}
		{3AB1A642-44E2-48BE-8E11-EE30F79675E9} = {B8D4F7B1-5BFD-4520-96B2-F53DC6CCB9E4}
		{021C9C1E-7C99-46C3-8FAF-D8094422520C} = {3FDC1CB6-F026-4D40-A8A3-A3AE853D6C5B}
		{D5FB8443-67FC-48DB-8C79-545A303F1A5B} = {3FDC1CB6-F026-4D40-A8A3-A3AE853D6C5B}
		{A9C68BA8-1316-4381-AB4A-409A95E2AADE} = {021C9C1E-7C99-46C3-8FAF-D8094422520C}
		{051AC52B-B0FD-4DA7-B2A9-C4D6BFF1D284} = {021C9C1E-7C99-46C3-8FAF-D8094422520C}
		{30CDBB2C-286D-4514-96C5-A5DF2251A008} = {021C9C1E-7C99-46C3-8FAF-D8094422520C}
		{FCF4C777-8452-4856-8BCE-82A8A3D7E2D3} = {021C9C1E-7C99-46C3-8FAF-D8094422520C}
	EndGlobalSection
EndGlobal
